<?xml version="1.0" encoding="utf-8"?>
<Project ToolsVersion="4.0" xmlns="http://schemas.microsoft.com/developer/msbuild/2003">
  <ItemGroup>
    <Filter Include="インクルードヘッダー">
      <UniqueIdentifier>{93995380-89BD-4b04-88EB-625FBE52EBFB}</UniqueIdentifier>
      <Extensions>h;hh;hpp;hxx;h++;hm;inl;inc;ipp;xsd</Extensions>
    </Filter>
  </ItemGroup>
  <ItemGroup>
    <ClInclude Include="framework.h">
      <Filter>インクルードヘッダー</Filter>
    </ClInclude>
    <ClInclude Include="targetver.h">
      <Filter>インクルードヘッダー</Filter>
    </ClInclude>
    <ClInclude Include="Resource.h">
      <Filter>インクルードヘッダー</Filter>
    </ClInclude>
    <ClInclude Include="HspppSample.h">
      <Filter>インクルードヘッダー</Filter>
    </ClInclude>
    <ClInclude Include="DemoState.h">
      <Filter>インクルードヘッダー</Filter>
    </ClInclude>
  </ItemGroup>
  <ItemGroup>
    <Image Include="HspppSample.ico" />
    <Image Include="small.ico" />
  </ItemGroup>
  <ItemGroup>
    <ClCompile Include="UserApp.cpp" />
    <ClCompile Include="DemoDrawBasic.cpp" />
    <ClCompile Include="DemoDrawExtended.cpp" />
    <ClCompile Include="DemoDrawImage.cpp" />
    <ClCompile Include="DemoDrawInterrupt.cpp" />
  </ItemGroup>
  <ItemGroup>
    <ResourceCompile Include="HspppSample.rc" />
  </ItemGroup>
</Project>