<?xml version="1.0" encoding="utf-8"?>
<Project ToolsVersion="4.0" xmlns="http://schemas.microsoft.com/developer/msbuild/2003">
  <ItemGroup>
    <Filter Include="ソース ファイル">
      <UniqueIdentifier>{4FC737F1-C7A5-4376-A066-2A32D752A2FF}</UniqueIdentifier>
      <Extensions>cpp;c;cc;cxx;c++;cppm;ixx;def;odl;idl;hpj;bat;asm;asmx</Extensions>
    </Filter>
    <Filter Include="ヘッダー ファイル">
      <UniqueIdentifier>{93995380-89BD-4b04-88EB-625FBE52EBFB}</UniqueIdentifier>
      <Extensions>h;hh;hpp;hxx;h++;hm;inl;inc;ipp;xsd</Extensions>
    </Filter>
    <Filter Include="リソース ファイル">
      <UniqueIdentifier>{67DA6AB6-F800-4c08-8B7A-83BB121AAD01}</UniqueIdentifier>
      <Extensions>rc;ico;cur;bmp;dlg;rc2;rct;bin;rgs;gif;jpg;jpeg;jpe;resx;tiff;tif;png;wav;mfcribbon-ms</Extensions>
    </Filter>
  </ItemGroup>
  <ItemGroup>
    <ClCompile Include="module\hsppp.ixx">
      <Filter>ソース ファイル</Filter>
    </ClCompile>
    <ClCompile Include="module\graphics.ixx">
      <Filter>ソース ファイル</Filter>
    </ClCompile>
    <ClCompile Include="module\input.ixx">
      <Filter>ソース ファイル</Filter>
    </ClCompile>
    <ClCompile Include="src\boot\WinMain.cpp">
      <Filter>ソース ファイル</Filter>
    </ClCompile>
    <ClCompile Include="src\core\Window.cpp">
      <Filter>ソース ファイル</Filter>
    </ClCompile>
    <ClCompile Include="src\core\Surface.cpp">
      <Filter>ソース ファイル</Filter>
    </ClCompile>
    <ClCompile Include="src\utils\Random.cpp">
      <Filter>ソース ファイル</Filter>
    </ClCompile>
    <ClCompile Include="src\core\hsppp.cpp">
      <Filter>ソース ファイル</Filter>
    </ClCompile>
    <ClCompile Include="src\core\HspppLib.cpp">
      <Filter>ソース ファイル</Filter>
    </ClCompile>
    <ClCompile Include="src\core\ImageLoader.cpp">
      <Filter>ソース ファイル</Filter>
    </ClCompile>
    <ClCompile Include="pch.cpp">
      <Filter>ソース ファイル</Filter>
    </ClCompile>
  </ItemGroup>
  <ItemGroup>
    <ClInclude Include="src\core\Internal.h">
      <Filter>ヘッダー ファイル</Filter>
    </ClInclude>
    <ClInclude Include="framework.h">
      <Filter>ヘッダー ファイル</Filter>
    </ClInclude>
    <ClInclude Include="pch.h">
      <Filter>ヘッダー ファイル</Filter>
    </ClInclude>
  </ItemGroup>
  <ItemGroup>
    <None Include="src\core\hsppp_copy.inl">
      <Filter>ヘッダー ファイル</Filter>
    </None>
    <None Include="src\core\hsppp_drawing.inl">
      <Filter>ヘッダー ファイル</Filter>
    </None>
    <None Include="src\core\hsppp_factory.inl">
      <Filter>ヘッダー ファイル</Filter>
    </None>
    <None Include="src\core\hsppp_ginfo.inl">
      <Filter>ヘッダー ファイル</Filter>
    </None>
    <None Include="src\core\hsppp_input.inl">
      <Filter>ヘッダー ファイル</Filter>
    </None>
    <None Include="src\core\hsppp_interrupt.inl">
      <Filter>ヘッダー ファイル</Filter>
    </None>
    <None Include="src\core\hsppp_screen.inl">
      <Filter>ヘッダー ファイル</Filter>
    </None>
    <None Include="src\core\hsppp_cel.inl">
      <Filter>ヘッダー ファイル</Filter>
    </None>
    <None Include="src\core\hsppp_file.inl">
      <Filter>ヘッダー ファイル</Filter>
    </None>
    <None Include="src\core\hsppp_image.inl">
      <Filter>ヘッダー ファイル</Filter>
    </None>
    <None Include="src\core\hsppp_math.inl">
      <Filter>ヘッダー ファイル</Filter>
    </None>
    <None Include="src\core\hsppp_string.inl">
      <Filter>ヘッダー ファイル</Filter>
    </None>
    <None Include="src\core\hsppp_system.inl">
      <Filter>ヘッダー ファイル</Filter>
    </None>
  </ItemGroup>
</Project>